
Microsoft Visual Studio Solution File, Format Version 12.00
# Visual Studio Version 17
VisualStudioVersion = 17.10.35004.147
MinimumVisualStudioVersion = 10.0.40219.1
Project("{9A19103F-16F7-4668-BE54-9A1E7A4F7556}") = "MufflerCore", "MufflerCore.csproj", "{111A182D-AF44-4662-918F-571A12102D2A}"
EndProject
Global
	GlobalSection(SolutionConfigurationPlatforms) = preSolution
		Debug|Any CPU = Debug|Any CPU
		Release|Any CPU = Release|Any CPU
	EndGlobalSection
	GlobalSection(ProjectConfigurationPlatforms) = postSolution
		{111A182D-AF44-4662-918F-571A12102D2A}.Debug|Any CPU.ActiveCfg = Debug|Any CPU
		{111A182D-AF44-4662-918F-571A12102D2A}.Debug|Any CPU.Build.0 = Debug|Any CPU
		{111A182D-AF44-4662-918F-571A12102D2A}.Release|Any CPU.ActiveCfg = Release|Any CPU
		{111A182D-AF44-4662-918F-571A12102D2A}.Release|Any CPU.Build.0 = Release|Any CPU
	EndGlobalSection
	GlobalSection(SolutionProperties) = preSolution
		HideSolutionNode = FALSE
	EndGlobalSection
	GlobalSection(ExtensibilityGlobals) = postSolution
		SolutionGuid = {8E9258F5-6860-4343-9E6A-9AAFAE605EB5}
	EndGlobalSection
EndGlobal
